// !$*UTF8*$!
{
	archiveVersion = 1;
	classes = {
	};
	objectVersion = 55;
	objects = {

/* Begin PBXBuildFile section */
		E401404C2C70A72100B2A7CC /* RandomPhraseProvider.swift in Sources */ = {isa = PBXBuildFile; fileRef = E401404B2C70A72100B2A7CC /* RandomPhraseProvider.swift */; };
		E49133BB2C6206F20030EE04 /* AppDelegate.swift in Sources */ = {isa = PBXBuildFile; fileRef = E49133BA2C6206F20030EE04 /* AppDelegate.swift */; };
		E49133BD2C6206F20030EE04 /* SceneDelegate.swift in Sources */ = {isa = PBXBuildFile; fileRef = E49133BC2C6206F20030EE04 /* SceneDelegate.swift */; };
		E49133BF2C6206F20030EE04 /* ViewController.swift in Sources */ = {isa = PBXBuildFile; fileRef = E49133BE2C6206F20030EE04 /* ViewController.swift */; };
		E49133C22C6206F20030EE04 /* Main.storyboard in Resources */ = {isa = PBXBuildFile; fileRef = E49133C02C6206F20030EE04 /* Main.storyboard */; };
		E49133C42C6206F70030EE04 /* Assets.xcassets in Resources */ = {isa = PBXBuildFile; fileRef = E49133C32C6206F70030EE04 /* Assets.xcassets */; };
		E49133C72C6206F70030EE04 /* LaunchScreen.storyboard in Resources */ = {isa = PBXBuildFile; fileRef = E49133C52C6206F70030EE04 /* LaunchScreen.storyboard */; };
		E4AE19112C6E907E005C62E7 /* man.png in Resources */ = {isa = PBXBuildFile; fileRef = E4AE190F2C6E907D005C62E7 /* man.png */; };
		E4AE19122C6E907E005C62E7 /* girl.png in Resources */ = {isa = PBXBuildFile; fileRef = E4AE19102C6E907E005C62E7 /* girl.png */; };
		E4ECD8862C6B64C90098669E /* VC2.swift in Sources */ = {isa = PBXBuildFile; fileRef = E4ECD8852C6B64C90098669E /* VC2.swift */; };
		E4ECD8882C6B70FC0098669E /* VC3.swift in Sources */ = {isa = PBXBuildFile; fileRef = E4ECD8872C6B70FC0098669E /* VC3.swift */; };
		E4ECD88A2C6B71160098669E /* VC4.swift in Sources */ = {isa = PBXBuildFile; fileRef = E4ECD8892C6B71160098669E /* VC4.swift */; };
/* End PBXBuildFile section */

/* Begin PBXFileReference section */
		E401404B2C70A72100B2A7CC /* RandomPhraseProvider.swift */ = {isa = PBXFileReference; lastKnownFileType = sourcecode.swift; path = RandomPhraseProvider.swift; sourceTree = "<group>"; };
		E49133B72C6206F20030EE04 /* habits.app */ = {isa = PBXFileReference; explicitFileType = wrapper.application; includeInIndex = 0; path = habits.app; sourceTree = BUILT_PRODUCTS_DIR; };
		E49133BA2C6206F20030EE04 /* AppDelegate.swift */ = {isa = PBXFileReference; lastKnownFileType = sourcecode.swift; path = AppDelegate.swift; sourceTree = "<group>"; };
		E49133BC2C6206F20030EE04 /* SceneDelegate.swift */ = {isa = PBXFileReference; lastKnownFileType = sourcecode.swift; path = SceneDelegate.swift; sourceTree = "<group>"; };
		E49133BE2C6206F20030EE04 /* ViewController.swift */ = {isa = PBXFileReference; lastKnownFileType = sourcecode.swift; path = ViewController.swift; sourceTree = "<group>"; };
		E49133C12C6206F20030EE04 /* Base */ = {isa = PBXFileReference; lastKnownFileType = file.storyboard; name = Base; path = Base.lproj/Main.storyboard; sourceTree = "<group>"; };
		E49133C32C6206F70030EE04 /* Assets.xcassets */ = {isa = PBXFileReference; lastKnownFileType = folder.assetcatalog; path = Assets.xcassets; sourceTree = "<group>"; };
		E49133C62C6206F70030EE04 /* Base */ = {isa = PBXFileReference; lastKnownFileType = file.storyboard; name = Base; path = Base.lproj/LaunchScreen.storyboard; sourceTree = "<group>"; };
		E49133C82C6206F70030EE04 /* Info.plist */ = {isa = PBXFileReference; lastKnownFileType = text.plist.xml; path = Info.plist; sourceTree = "<group>"; };
		E4AE190F2C6E907D005C62E7 /* man.png */ = {isa = PBXFileReference; lastKnownFileType = image.png; path = man.png; sourceTree = "<group>"; };
		E4AE19102C6E907E005C62E7 /* girl.png */ = {isa = PBXFileReference; lastKnownFileType = image.png; path = girl.png; sourceTree = "<group>"; };
		E4ECD8852C6B64C90098669E /* VC2.swift */ = {isa = PBXFileReference; lastKnownFileType = sourcecode.swift; path = VC2.swift; sourceTree = "<group>"; };
		E4ECD8872C6B70FC0098669E /* VC3.swift */ = {isa = PBXFileReference; lastKnownFileType = sourcecode.swift; path = VC3.swift; sourceTree = "<group>"; };
		E4ECD8892C6B71160098669E /* VC4.swift */ = {isa = PBXFileReference; lastKnownFileType = sourcecode.swift; path = VC4.swift; sourceTree = "<group>"; };
/* End PBXFileReference section */

/* Begin PBXFrameworksBuildPhase section */
		E49133B42C6206F20030EE04 /* Frameworks */ = {
			isa = PBXFrameworksBuildPhase;
			buildActionMask = 2147483647;
			files = (
			);
			runOnlyForDeploymentPostprocessing = 0;
		};
/* End PBXFrameworksBuildPhase section */

/* Begin PBXGroup section */
		E49133AE2C6206F20030EE04 = {
			isa = PBXGroup;
			children = (
				E49133B92C6206F20030EE04 /* habits */,
				E49133B82C6206F20030EE04 /* Products */,
			);
			sourceTree = "<group>";
		};
		E49133B82C6206F20030EE04 /* Products */ = {
			isa = PBXGroup;
			children = (
				E49133B72C6206F20030EE04 /* habits.app */,
			);
			name = Products;
			sourceTree = "<group>";
		};
		E49133B92C6206F20030EE04 /* habits */ = {
			isa = PBXGroup;
			children = (
				E49133BA2C6206F20030EE04 /* AppDelegate.swift */,
				E49133BC2C6206F20030EE04 /* SceneDelegate.swift */,
				E49133BE2C6206F20030EE04 /* ViewController.swift */,
				E401404B2C70A72100B2A7CC /* RandomPhraseProvider.swift */,
				E4ECD8852C6B64C90098669E /* VC2.swift */,
				E4ECD8872C6B70FC0098669E /* VC3.swift */,
				E4ECD8892C6B71160098669E /* VC4.swift */,
				E49133C02C6206F20030EE04 /* Main.storyboard */,
				E49133C32C6206F70030EE04 /* Assets.xcassets */,
				E4AE19102C6E907E005C62E7 /* girl.png */,
				E4AE190F2C6E907D005C62E7 /* man.png */,
				E49133C52C6206F70030EE04 /* LaunchScreen.storyboard */,
				E49133C82C6206F70030EE04 /* Info.plist */,
			);
			path = habits;
			sourceTree = "<group>";
		};
/* End PBXGroup section */

/* Begin PBXNativeTarget section */
		E49133B62C6206F20030EE04 /* habits */ = {
			isa = PBXNativeTarget;
			buildConfigurationList = E49133CB2C6206F70030EE04 /* Build configuration list for PBXNativeTarget "habits" */;
			buildPhases = (
				E49133B32C6206F20030EE04 /* Sources */,
				E49133B42C6206F20030EE04 /* Frameworks */,
				E49133B52C6206F20030EE04 /* Resources */,
			);
			buildRules = (
			);
			dependencies = (
			);
			name = habits;
			productName = habits;
			productReference = E49133B72C6206F20030EE04 /* habits.app */;
			productType = "com.apple.product-type.application";
		};
/* End PBXNativeTarget section */

/* Begin PBXProject section */
		E49133AF2C6206F20030EE04 /* Project object */ = {
			isa = PBXProject;
			attributes = {
				BuildIndependentTargetsInParallel = 1;
				LastSwiftUpdateCheck = 1340;
				LastUpgradeCheck = 1340;
				TargetAttributes = {
					E49133B62C6206F20030EE04 = {
						CreatedOnToolsVersion = 13.4.1;
					};
				};
			};
			buildConfigurationList = E49133B22C6206F20030EE04 /* Build configuration list for PBXProject "habits" */;
			compatibilityVersion = "Xcode 13.0";
			developmentRegion = en;
			hasScannedForEncodings = 0;
			knownRegions = (
				en,
				Base,
			);
			mainGroup = E49133AE2C6206F20030EE04;
			productRefGroup = E49133B82C6206F20030EE04 /* Products */;
			projectDirPath = "";
			projectRoot = "";
			targets = (
				E49133B62C6206F20030EE04 /* habits */,
			);
		};
/* End PBXProject section */

/* Begin PBXResourcesBuildPhase section */
		E49133B52C6206F20030EE04 /* Resources */ = {
			isa = PBXResourcesBuildPhase;
			buildActionMask = 2147483647;
			files = (
				E49133C72C6206F70030EE04 /* LaunchScreen.storyboard in Resources */,
				E4AE19122C6E907E005C62E7 /* girl.png in Resources */,
				E49133C42C6206F70030EE04 /* Assets.xcassets in Resources */,
				E4AE19112C6E907E005C62E7 /* man.png in Resources */,
				E49133C22C6206F20030EE04 /* Main.storyboard in Resources */,
			);
			runOnlyForDeploymentPostprocessing = 0;
		};
/* End PBXResourcesBuildPhase section */

/* Begin PBXSourcesBuildPhase section */
		E49133B32C6206F20030EE04 /* Sources */ = {
			isa = PBXSourcesBuildPhase;
			buildActionMask = 2147483647;
			files = (
				E49133BF2C6206F20030EE04 /* ViewController.swift in Sources */,
				E401404C2C70A72100B2A7CC /* RandomPhraseProvider.swift in Sources */,
				E49133BB2C6206F20030EE04 /* AppDelegate.swift in Sources */,
				E4ECD8882C6B70FC0098669E /* VC3.swift in Sources */,
				E4ECD88A2C6B71160098669E /* VC4.swift in Sources */,
				E49133BD2C6206F20030EE04 /* SceneDelegate.swift in Sources */,
				E4ECD8862C6B64C90098669E /* VC2.swift in Sources */,
			);
			runOnlyForDeploymentPostprocessing = 0;
		};
/* End PBXSourcesBuildPhase section */

/* Begin PBXVariantGroup section */
		E49133C02C6206F20030EE04 /* Main.storyboard */ = {
			isa = PBXVariantGroup;
			children = (
				E49133C12C6206F20030EE04 /* Base */,
			);
			name = Main.storyboard;
			sourceTree = "<group>";
		};
		E49133C52C6206F70030EE04 /* LaunchScreen.storyboard */ = {
			isa = PBXVariantGroup;
			children = (
				E49133C62C6206F70030EE04 /* Base */,
			);
			name = LaunchScreen.storyboard;
			sourceTree = "<group>";
		};
/* End PBXVariantGroup section */

/* Begin XCBuildConfiguration section */
		E49133C92C6206F70030EE04 /* Debug */ = {
			isa = XCBuildConfiguration;
			buildSettings = {
				ALWAYS_SEARCH_USER_PATHS = NO;
				CLANG_ANALYZER_NONNULL = YES;
				CLANG_ANALYZER_NUMBER_OBJECT_CONVERSION = YES_AGGRESSIVE;
				CLANG_CXX_LANGUAGE_STANDARD = "gnu++17";
				CLANG_ENABLE_MODULES = YES;
				CLANG_ENABLE_OBJC_ARC = YES;
				CLANG_ENABLE_OBJC_WEAK = YES;
				CLANG_WARN_BLOCK_CAPTURE_AUTORELEASING = YES;
				CLANG_WARN_BOOL_CONVERSION = YES;
				CLANG_WARN_COMMA = YES;
				CLANG_WARN_CONSTANT_CONVERSION = YES;
				CLANG_WARN_DEPRECATED_OBJC_IMPLEMENTATIONS = YES;
				CLANG_WARN_DIRECT_OBJC_ISA_USAGE = YES_ERROR;
				CLANG_WARN_DOCUMENTATION_COMMENTS = YES;
				CLANG_WARN_EMPTY_BODY = YES;
				CLANG_WARN_ENUM_CONVERSION = YES;
				CLANG_WARN_INFINITE_RECURSION = YES;
				CLANG_WARN_INT_CONVERSION = YES;
				CLANG_WARN_NON_LITERAL_NULL_CONVERSION = YES;
				CLANG_WARN_OBJC_IMPLICIT_RETAIN_SELF = YES;
				CLANG_WARN_OBJC_LITERAL_CONVERSION = YES;
				CLANG_WARN_OBJC_ROOT_CLASS = YES_ERROR;
				CLANG_WARN_QUOTED_INCLUDE_IN_FRAMEWORK_HEADER = YES;
				CLANG_WARN_RANGE_LOOP_ANALYSIS = YES;
				CLANG_WARN_STRICT_PROTOTYPES = YES;
				CLANG_WARN_SUSPICIOUS_MOVE = YES;
				CLANG_WARN_UNGUARDED_AVAILABILITY = YES_AGGRESSIVE;
				CLANG_WARN_UNREACHABLE_CODE = YES;
				CLANG_WARN__DUPLICATE_METHOD_MATCH = YES;
				COPY_PHASE_STRIP = NO;
				DEBUG_INFORMATION_FORMAT = dwarf;
				ENABLE_STRICT_OBJC_MSGSEND = YES;
				ENABLE_TESTABILITY = YES;
				GCC_C_LANGUAGE_STANDARD = gnu11;
				GCC_DYNAMIC_NO_PIC = NO;
				GCC_NO_COMMON_BLOCKS = YES;
				GCC_OPTIMIZATION_LEVEL = 0;
				GCC_PREPROCESSOR_DEFINITIONS = (
					"DEBUG=1",
					"$(inherited)",
				);
				GCC_WARN_64_TO_32_BIT_CONVERSION = YES;
				GCC_WARN_ABOUT_RETURN_TYPE = YES_ERROR;
				GCC_WARN_UNDECLARED_SELECTOR = YES;
				GCC_WARN_UNINITIALIZED_AUTOS = YES_AGGRESSIVE;
				GCC_WARN_UNUSED_FUNCTION = YES;
				GCC_WARN_UNUSED_VARIABLE = YES;
				IPHONEOS_DEPLOYMENT_TARGET = 15.5;
				MTL_ENABLE_DEBUG_INFO = INCLUDE_SOURCE;
				MTL_FAST_MATH = YES;
				ONLY_ACTIVE_ARCH = YES;
				SDKROOT = iphoneos;
				SWIFT_ACTIVE_COMPILATION_CONDITIONS = DEBUG;
				SWIFT_OPTIMIZATION_LEVEL = "-Onone";
			};
			name = Debug;
		};
		E49133CA2C6206F70030EE04 /* Release */ = {
			isa = XCBuildConfiguration;
			buildSettings = {
				ALWAYS_SEARCH_USER_PATHS = NO;
				CLANG_ANALYZER_NONNULL = YES;
				CLANG_ANALYZER_NUMBER_OBJECT_CONVERSION = YES_AGGRESSIVE;
				CLANG_CXX_LANGUAGE_STANDARD = "gnu++17";
				CLANG_ENABLE_MODULES = YES;
				CLANG_ENABLE_OBJC_ARC = YES;
				CLANG_ENABLE_OBJC_WEAK = YES;
				CLANG_WARN_BLOCK_CAPTURE_AUTORELEASING = YES;
				CLANG_WARN_BOOL_CONVERSION = YES;
				CLANG_WARN_COMMA = YES;
				CLANG_WARN_CONSTANT_CONVERSION = YES;
				CLANG_WARN_DEPRECATED_OBJC_IMPLEMENTATIONS = YES;
				CLANG_WARN_DIRECT_OBJC_ISA_USAGE = YES_ERROR;
				CLANG_WARN_DOCUMENTATION_COMMENTS = YES;
				CLANG_WARN_EMPTY_BODY = YES;
				CLANG_WARN_ENUM_CONVERSION = YES;
				CLANG_WARN_INFINITE_RECURSION = YES;
				CLANG_WARN_INT_CONVERSION = YES;
				CLANG_WARN_NON_LITERAL_NULL_CONVERSION = YES;
				CLANG_WARN_OBJC_IMPLICIT_RETAIN_SELF = YES;
				CLANG_WARN_OBJC_LITERAL_CONVERSION = YES;
				CLANG_WARN_OBJC_ROOT_CLASS = YES_ERROR;
				CLANG_WARN_QUOTED_INCLUDE_IN_FRAMEWORK_HEADER = YES;
				CLANG_WARN_RANGE_LOOP_ANALYSIS = YES;
				CLANG_WARN_STRICT_PROTOTYPES = YES;
				CLANG_WARN_SUSPICIOUS_MOVE = YES;
				CLANG_WARN_UNGUARDED_AVAILABILITY = YES_AGGRESSIVE;
				CLANG_WARN_UNREACHABLE_CODE = YES;
				CLANG_WARN__DUPLICATE_METHOD_MATCH = YES;
				COPY_PHASE_STRIP = NO;
				DEBUG_INFORMATION_FORMAT = "dwarf-with-dsym";
				ENABLE_NS_ASSERTIONS = NO;
				ENABLE_STRICT_OBJC_MSGSEND = YES;
				GCC_C_LANGUAGE_STANDARD = gnu11;
				GCC_NO_COMMON_BLOCKS = YES;
				GCC_WARN_64_TO_32_BIT_CONVERSION = YES;
				GCC_WARN_ABOUT_RETURN_TYPE = YES_ERROR;
				GCC_WARN_UNDECLARED_SELECTOR = YES;
				GCC_WARN_UNINITIALIZED_AUTOS = YES_AGGRESSIVE;
				GCC_WARN_UNUSED_FUNCTION = YES;
				GCC_WARN_UNUSED_VARIABLE = YES;
				IPHONEOS_DEPLOYMENT_TARGET = 15.5;
				MTL_ENABLE_DEBUG_INFO = NO;
				MTL_FAST_MATH = YES;
				SDKROOT = iphoneos;
				SWIFT_COMPILATION_MODE = wholemodule;
				SWIFT_OPTIMIZATION_LEVEL = "-O";
				VALIDATE_PRODUCT = YES;
			};
			name = Release;
		};
		E49133CC2C6206F70030EE04 /* Debug */ = {
			isa = XCBuildConfiguration;
			buildSettings = {
				ASSETCATALOG_COMPILER_APPICON_NAME = AppIcon;
				ASSETCATALOG_COMPILER_GLOBAL_ACCENT_COLOR_NAME = AccentColor;
				CODE_SIGN_STYLE = Automatic;
				CURRENT_PROJECT_VERSION = 1;
				DEVELOPMENT_TEAM = LCYT3F6Y92;
				GENERATE_INFOPLIST_FILE = YES;
				INFOPLIST_FILE = habits/Info.plist;
				INFOPLIST_KEY_UIApplicationSupportsIndirectInputEvents = YES;
				INFOPLIST_KEY_UILaunchStoryboardName = LaunchScreen;
				INFOPLIST_KEY_UIMainStoryboardFile = Main;
				INFOPLIST_KEY_UISupportedInterfaceOrientations_iPad = "UIInterfaceOrientationPortrait UIInterfaceOrientationPortraitUpsideDown UIInterfaceOrientationLandscapeLeft UIInterfaceOrientationLandscapeRight";
				INFOPLIST_KEY_UISupportedInterfaceOrientations_iPhone = "UIInterfaceOrientationPortrait UIInterfaceOrientationLandscapeLeft UIInterfaceOrientationLandscapeRight";
				LD_RUNPATH_SEARCH_PATHS = (
					"$(inherited)",
					"@executable_path/Frameworks",
				);
				MARKETING_VERSION = 1.0;
				PRODUCT_BUNDLE_IDENTIFIER = ivan.habits;
				PRODUCT_NAME = "$(TARGET_NAME)";
				SWIFT_EMIT_LOC_STRINGS = YES;
				SWIFT_VERSION = 5.0;
				TARGETED_DEVICE_FAMILY = "1,2";
			};
			name = Debug;
		};
		E49133CD2C6206F70030EE04 /* Release */ = {
			isa = XCBuildConfiguration;
			buildSettings = {
				ASSETCATALOG_COMPILER_APPICON_NAME = AppIcon;
				ASSETCATALOG_COMPILER_GLOBAL_ACCENT_COLOR_NAME = AccentColor;
				CODE_SIGN_STYLE = Automatic;
				CURRENT_PROJECT_VERSION = 1;
				DEVELOPMENT_TEAM = LCYT3F6Y92;
				GENERATE_INFOPLIST_FILE = YES;
				INFOPLIST_FILE = habits/Info.plist;
				INFOPLIST_KEY_UIApplicationSupportsIndirectInputEvents = YES;
				INFOPLIST_KEY_UILaunchStoryboardName = LaunchScreen;
				INFOPLIST_KEY_UIMainStoryboardFile = Main;
				INFOPLIST_KEY_UISupportedInterfaceOrientations_iPad = "UIInterfaceOrientationPortrait UIInterfaceOrientationPortraitUpsideDown UIInterfaceOrientationLandscapeLeft UIInterfaceOrientationLandscapeRight";
				INFOPLIST_KEY_UISupportedInterfaceOrientations_iPhone = "UIInterfaceOrientationPortrait UIInterfaceOrientationLandscapeLeft UIInterfaceOrientationLandscapeRight";
				LD_RUNPATH_SEARCH_PATHS = (
					"$(inherited)",
					"@executable_path/Frameworks",
				);
				MARKETING_VERSION = 1.0;
				PRODUCT_BUNDLE_IDENTIFIER = ivan.habits;
				PRODUCT_NAME = "$(TARGET_NAME)";
				SWIFT_EMIT_LOC_STRINGS = YES;
				SWIFT_VERSION = 5.0;
				TARGETED_DEVICE_FAMILY = "1,2";
			};
			name = Release;
		};
/* End XCBuildConfiguration section */

/* Begin XCConfigurationList section */
		E49133B22C6206F20030EE04 /* Build configuration list for PBXProject "habits" */ = {
			isa = XCConfigurationList;
			buildConfigurations = (
				E49133C92C6206F70030EE04 /* Debug */,
				E49133CA2C6206F70030EE04 /* Release */,
			);
			defaultConfigurationIsVisible = 0;
			defaultConfigurationName = Release;
		};
		E49133CB2C6206F70030EE04 /* Build configuration list for PBXNativeTarget "habits" */ = {
			isa = XCConfigurationList;
			buildConfigurations = (
				E49133CC2C6206F70030EE04 /* Debug */,
				E49133CD2C6206F70030EE04 /* Release */,
			);
			defaultConfigurationIsVisible = 0;
			defaultConfigurationName = Release;
		};
/* End XCConfigurationList section */
	};
	rootObject = E49133AF2C6206F20030EE04 /* Project object */;
}
